// !$*UTF8*$!
{
	archiveVersion = 1;
	classes = {
	};
	objectVersion = 50;
	objects = {

/* Begin PBXBuildFile section */
		86D670232504CB6E00A229F7 /* AppDelegate.swift in Sources */ = {isa = PBXBuildFile; fileRef = 86D670222504CB6E00A229F7 /* AppDelegate.swift */; };
		86D670282504CB6E00A229F7 /* Main.storyboard in Resources */ = {isa = PBXBuildFile; fileRef = 86D670262504CB6E00A229F7 /* Main.storyboard */; };
		86D6702A2504CB7100A229F7 /* Assets.xcassets in Resources */ = {isa = PBXBuildFile; fileRef = 86D670292504CB7100A229F7 /* Assets.xcassets */; };
		86D6702D2504CB7100A229F7 /* LaunchScreen.storyboard in Resources */ = {isa = PBXBuildFile; fileRef = 86D6702B2504CB7100A229F7 /* LaunchScreen.storyboard */; };
		86D670352504CBC700A229F7 /* DrinksViewController.swift in Sources */ = {isa = PBXBuildFile; fileRef = 86D670342504CBC700A229F7 /* DrinksViewController.swift */; };
		86D670372504CBF700A229F7 /* FiltersViewController.swift in Sources */ = {isa = PBXBuildFile; fileRef = 86D670362504CBF700A229F7 /* FiltersViewController.swift */; };
		86D670392504CC1300A229F7 /* Model.swift in Sources */ = {isa = PBXBuildFile; fileRef = 86D670382504CC1300A229F7 /* Model.swift */; };
/* End PBXBuildFile section */

/* Begin PBXFileReference section */
		86D6701F2504CB6E00A229F7 /* MobileCoctailDB.app */ = {isa = PBXFileReference; explicitFileType = wrapper.application; includeInIndex = 0; path = MobileCoctailDB.app; sourceTree = BUILT_PRODUCTS_DIR; };
		86D670222504CB6E00A229F7 /* AppDelegate.swift */ = {isa = PBXFileReference; lastKnownFileType = sourcecode.swift; path = AppDelegate.swift; sourceTree = "<group>"; };
		86D670272504CB6E00A229F7 /* Base */ = {isa = PBXFileReference; lastKnownFileType = file.storyboard; name = Base; path = Base.lproj/Main.storyboard; sourceTree = "<group>"; };
		86D670292504CB7100A229F7 /* Assets.xcassets */ = {isa = PBXFileReference; lastKnownFileType = folder.assetcatalog; path = Assets.xcassets; sourceTree = "<group>"; };
		86D6702C2504CB7100A229F7 /* Base */ = {isa = PBXFileReference; lastKnownFileType = file.storyboard; name = Base; path = Base.lproj/LaunchScreen.storyboard; sourceTree = "<group>"; };
		86D6702E2504CB7100A229F7 /* Info.plist */ = {isa = PBXFileReference; lastKnownFileType = text.plist.xml; path = Info.plist; sourceTree = "<group>"; };
		86D670342504CBC700A229F7 /* DrinksViewController.swift */ = {isa = PBXFileReference; lastKnownFileType = sourcecode.swift; path = DrinksViewController.swift; sourceTree = "<group>"; };
		86D670362504CBF700A229F7 /* FiltersViewController.swift */ = {isa = PBXFileReference; lastKnownFileType = sourcecode.swift; path = FiltersViewController.swift; sourceTree = "<group>"; };
		86D670382504CC1300A229F7 /* Model.swift */ = {isa = PBXFileReference; lastKnownFileType = sourcecode.swift; path = Model.swift; sourceTree = "<group>"; };
/* End PBXFileReference section */

/* Begin PBXFrameworksBuildPhase section */
		86D6701C2504CB6E00A229F7 /* Frameworks */ = {
			isa = PBXFrameworksBuildPhase;
			buildActionMask = 2147483647;
			files = (
			);
			runOnlyForDeploymentPostprocessing = 0;
		};
/* End PBXFrameworksBuildPhase section */

/* Begin PBXGroup section */
		86D670162504CB6E00A229F7 = {
			isa = PBXGroup;
			children = (
				86D670212504CB6E00A229F7 /* MobileCoctailDB */,
				86D670202504CB6E00A229F7 /* Products */,
			);
			sourceTree = "<group>";
		};
		86D670202504CB6E00A229F7 /* Products */ = {
			isa = PBXGroup;
			children = (
				86D6701F2504CB6E00A229F7 /* MobileCoctailDB.app */,
			);
			name = Products;
			sourceTree = "<group>";
		};
		86D670212504CB6E00A229F7 /* MobileCoctailDB */ = {
			isa = PBXGroup;
			children = (
				86D670222504CB6E00A229F7 /* AppDelegate.swift */,
				86D670262504CB6E00A229F7 /* Main.storyboard */,
				86D670292504CB7100A229F7 /* Assets.xcassets */,
				86D6702B2504CB7100A229F7 /* LaunchScreen.storyboard */,
				86D6702E2504CB7100A229F7 /* Info.plist */,
				86D670342504CBC700A229F7 /* DrinksViewController.swift */,
				86D670362504CBF700A229F7 /* FiltersViewController.swift */,
				86D670382504CC1300A229F7 /* Model.swift */,
			);
			path = MobileCoctailDB;
			sourceTree = "<group>";
		};
/* End PBXGroup section */

/* Begin PBXNativeTarget section */
		86D6701E2504CB6E00A229F7 /* MobileCoctailDB */ = {
			isa = PBXNativeTarget;
			buildConfigurationList = 86D670312504CB7100A229F7 /* Build configuration list for PBXNativeTarget "MobileCoctailDB" */;
			buildPhases = (
				86D6701B2504CB6E00A229F7 /* Sources */,
				86D6701C2504CB6E00A229F7 /* Frameworks */,
				86D6701D2504CB6E00A229F7 /* Resources */,
			);
			buildRules = (
			);
			dependencies = (
			);
			name = MobileCoctailDB;
			productName = MobileCoctailDB;
			productReference = 86D6701F2504CB6E00A229F7 /* MobileCoctailDB.app */;
			productType = "com.apple.product-type.application";
		};
/* End PBXNativeTarget section */

/* Begin PBXProject section */
		86D670172504CB6E00A229F7 /* Project object */ = {
			isa = PBXProject;
			attributes = {
				LastSwiftUpdateCheck = 1030;
				LastUpgradeCheck = 1030;
				ORGANIZATIONNAME = "Владислав";
				TargetAttributes = {
					86D6701E2504CB6E00A229F7 = {
						CreatedOnToolsVersion = 10.3;
					};
				};
			};
			buildConfigurationList = 86D6701A2504CB6E00A229F7 /* Build configuration list for PBXProject "MobileCoctailDB" */;
			compatibilityVersion = "Xcode 9.3";
			developmentRegion = en;
			hasScannedForEncodings = 0;
			knownRegions = (
				en,
				Base,
			);
			mainGroup = 86D670162504CB6E00A229F7;
			productRefGroup = 86D670202504CB6E00A229F7 /* Products */;
			projectDirPath = "";
			projectRoot = "";
			targets = (
				86D6701E2504CB6E00A229F7 /* MobileCoctailDB */,
			);
		};
/* End PBXProject section */

/* Begin PBXResourcesBuildPhase section */
		86D6701D2504CB6E00A229F7 /* Resources */ = {
			isa = PBXResourcesBuildPhase;
			buildActionMask = 2147483647;
			files = (
				86D6702D2504CB7100A229F7 /* LaunchScreen.storyboard in Resources */,
				86D6702A2504CB7100A229F7 /* Assets.xcassets in Resources */,
				86D670282504CB6E00A229F7 /* Main.storyboard in Resources */,
			);
			runOnlyForDeploymentPostprocessing = 0;
		};
/* End PBXResourcesBuildPhase section */

/* Begin PBXSourcesBuildPhase section */
		86D6701B2504CB6E00A229F7 /* Sources */ = {
			isa = PBXSourcesBuildPhase;
			buildActionMask = 2147483647;
			files = (
				86D670232504CB6E00A229F7 /* AppDelegate.swift in Sources */,
				86D670372504CBF700A229F7 /* FiltersViewController.swift in Sources */,
				86D670352504CBC700A229F7 /* DrinksViewController.swift in Sources */,
				86D670392504CC1300A229F7 /* Model.swift in Sources */,
			);
			runOnlyForDeploymentPostprocessing = 0;
		};
/* End PBXSourcesBuildPhase section */

/* Begin PBXVariantGroup section */
		86D670262504CB6E00A229F7 /* Main.storyboard */ = {
			isa = PBXVariantGroup;
			children = (
				86D670272504CB6E00A229F7 /* Base */,
			);
			name = Main.storyboard;
			sourceTree = "<group>";
		};
		86D6702B2504CB7100A229F7 /* LaunchScreen.storyboard */ = {
			isa = PBXVariantGroup;
			children = (
				86D6702C2504CB7100A229F7 /* Base */,
			);
			name = LaunchScreen.storyboard;
			sourceTree = "<group>";
		};
/* End PBXVariantGroup section */

/* Begin XCBuildConfiguration section */
		86D6702F2504CB7100A229F7 /* Debug */ = {
			isa = XCBuildConfiguration;
			buildSettings = {
				ALWAYS_SEARCH_USER_PATHS = NO;
				CLANG_ANALYZER_NONNULL = YES;
				CLANG_ANALYZER_NUMBER_OBJECT_CONVERSION = YES_AGGRESSIVE;
				CLANG_CXX_LANGUAGE_STANDARD = "gnu++14";
				CLANG_CXX_LIBRARY = "libc++";
				CLANG_ENABLE_MODULES = YES;
				CLANG_ENABLE_OBJC_ARC = YES;
				CLANG_ENABLE_OBJC_WEAK = YES;
				CLANG_WARN_BLOCK_CAPTURE_AUTORELEASING = YES;
				CLANG_WARN_BOOL_CONVERSION = YES;
				CLANG_WARN_COMMA = YES;
				CLANG_WARN_CONSTANT_CONVERSION = YES;
				CLANG_WARN_DEPRECATED_OBJC_IMPLEMENTATIONS = YES;
				CLANG_WARN_DIRECT_OBJC_ISA_USAGE = YES_ERROR;
				CLANG_WARN_DOCUMENTATION_COMMENTS = YES;
				CLANG_WARN_EMPTY_BODY = YES;
				CLANG_WARN_ENUM_CONVERSION = YES;
				CLANG_WARN_INFINITE_RECURSION = YES;
				CLANG_WARN_INT_CONVERSION = YES;
				CLANG_WARN_NON_LITERAL_NULL_CONVERSION = YES;
				CLANG_WARN_OBJC_IMPLICIT_RETAIN_SELF = YES;
				CLANG_WARN_OBJC_LITERAL_CONVERSION = YES;
				CLANG_WARN_OBJC_ROOT_CLASS = YES_ERROR;
				CLANG_WARN_RANGE_LOOP_ANALYSIS = YES;
				CLANG_WARN_STRICT_PROTOTYPES = YES;
				CLANG_WARN_SUSPICIOUS_MOVE = YES;
				CLANG_WARN_UNGUARDED_AVAILABILITY = YES_AGGRESSIVE;
				CLANG_WARN_UNREACHABLE_CODE = YES;
				CLANG_WARN__DUPLICATE_METHOD_MATCH = YES;
				CODE_SIGN_IDENTITY = "iPhone Developer";
				COPY_PHASE_STRIP = NO;
				DEBUG_INFORMATION_FORMAT = dwarf;
				ENABLE_STRICT_OBJC_MSGSEND = YES;
				ENABLE_TESTABILITY = YES;
				GCC_C_LANGUAGE_STANDARD = gnu11;
				GCC_DYNAMIC_NO_PIC = NO;
				GCC_NO_COMMON_BLOCKS = YES;
				GCC_OPTIMIZATION_LEVEL = 0;
				GCC_PREPROCESSOR_DEFINITIONS = (
					"DEBUG=1",
					"$(inherited)",
				);
				GCC_WARN_64_TO_32_BIT_CONVERSION = YES;
				GCC_WARN_ABOUT_RETURN_TYPE = YES_ERROR;
				GCC_WARN_UNDECLARED_SELECTOR = YES;
				GCC_WARN_UNINITIALIZED_AUTOS = YES_AGGRESSIVE;
				GCC_WARN_UNUSED_FUNCTION = YES;
				GCC_WARN_UNUSED_VARIABLE = YES;
				IPHONEOS_DEPLOYMENT_TARGET = 12.4;
				MTL_ENABLE_DEBUG_INFO = INCLUDE_SOURCE;
				MTL_FAST_MATH = YES;
				ONLY_ACTIVE_ARCH = YES;
				SDKROOT = iphoneos;
				SWIFT_ACTIVE_COMPILATION_CONDITIONS = DEBUG;
				SWIFT_OPTIMIZATION_LEVEL = "-Onone";
			};
			name = Debug;
		};
		86D670302504CB7100A229F7 /* Release */ = {
			isa = XCBuildConfiguration;
			buildSettings = {
				ALWAYS_SEARCH_USER_PATHS = NO;
				CLANG_ANALYZER_NONNULL = YES;
				CLANG_ANALYZER_NUMBER_OBJECT_CONVERSION = YES_AGGRESSIVE;
				CLANG_CXX_LANGUAGE_STANDARD = "gnu++14";
				CLANG_CXX_LIBRARY = "libc++";
				CLANG_ENABLE_MODULES = YES;
				CLANG_ENABLE_OBJC_ARC = YES;
				CLANG_ENABLE_OBJC_WEAK = YES;
				CLANG_WARN_BLOCK_CAPTURE_AUTORELEASING = YES;
				CLANG_WARN_BOOL_CONVERSION = YES;
				CLANG_WARN_COMMA = YES;
				CLANG_WARN_CONSTANT_CONVERSION = YES;
				CLANG_WARN_DEPRECATED_OBJC_IMPLEMENTATIONS = YES;
				CLANG_WARN_DIRECT_OBJC_ISA_USAGE = YES_ERROR;
				CLANG_WARN_DOCUMENTATION_COMMENTS = YES;
				CLANG_WARN_EMPTY_BODY = YES;
				CLANG_WARN_ENUM_CONVERSION = YES;
				CLANG_WARN_INFINITE_RECURSION = YES;
				CLANG_WARN_INT_CONVERSION = YES;
				CLANG_WARN_NON_LITERAL_NULL_CONVERSION = YES;
				CLANG_WARN_OBJC_IMPLICIT_RETAIN_SELF = YES;
				CLANG_WARN_OBJC_LITERAL_CONVERSION = YES;
				CLANG_WARN_OBJC_ROOT_CLASS = YES_ERROR;
				CLANG_WARN_RANGE_LOOP_ANALYSIS = YES;
				CLANG_WARN_STRICT_PROTOTYPES = YES;
				CLANG_WARN_SUSPICIOUS_MOVE = YES;
				CLANG_WARN_UNGUARDED_AVAILABILITY = YES_AGGRESSIVE;
				CLANG_WARN_UNREACHABLE_CODE = YES;
				CLANG_WARN__DUPLICATE_METHOD_MATCH = YES;
				CODE_SIGN_IDENTITY = "iPhone Developer";
				COPY_PHASE_STRIP = NO;
				DEBUG_INFORMATION_FORMAT = "dwarf-with-dsym";
				ENABLE_NS_ASSERTIONS = NO;
				ENABLE_STRICT_OBJC_MSGSEND = YES;
				GCC_C_LANGUAGE_STANDARD = gnu11;
				GCC_NO_COMMON_BLOCKS = YES;
				GCC_WARN_64_TO_32_BIT_CONVERSION = YES;
				GCC_WARN_ABOUT_RETURN_TYPE = YES_ERROR;
				GCC_WARN_UNDECLARED_SELECTOR = YES;
				GCC_WARN_UNINITIALIZED_AUTOS = YES_AGGRESSIVE;
				GCC_WARN_UNUSED_FUNCTION = YES;
				GCC_WARN_UNUSED_VARIABLE = YES;
				IPHONEOS_DEPLOYMENT_TARGET = 12.4;
				MTL_ENABLE_DEBUG_INFO = NO;
				MTL_FAST_MATH = YES;
				SDKROOT = iphoneos;
				SWIFT_COMPILATION_MODE = wholemodule;
				SWIFT_OPTIMIZATION_LEVEL = "-O";
				VALIDATE_PRODUCT = YES;
			};
			name = Release;
		};
		86D670322504CB7100A229F7 /* Debug */ = {
			isa = XCBuildConfiguration;
			buildSettings = {
				ASSETCATALOG_COMPILER_APPICON_NAME = AppIcon;
				CODE_SIGN_STYLE = Automatic;
				DEVELOPMENT_TEAM = SGD8VSAARA;
				INFOPLIST_FILE = MobileCoctailDB/Info.plist;
				LD_RUNPATH_SEARCH_PATHS = (
					"$(inherited)",
					"@executable_path/Frameworks",
				);
				PRODUCT_BUNDLE_IDENTIFIER = com.shapran.MobileCoctailDB;
				PRODUCT_NAME = "$(TARGET_NAME)";
				SWIFT_VERSION = 5.0;
				TARGETED_DEVICE_FAMILY = "1,2";
			};
			name = Debug;
		};
		86D670332504CB7100A229F7 /* Release */ = {
			isa = XCBuildConfiguration;
			buildSettings = {
				ASSETCATALOG_COMPILER_APPICON_NAME = AppIcon;
				CODE_SIGN_STYLE = Automatic;
				DEVELOPMENT_TEAM = SGD8VSAARA;
				INFOPLIST_FILE = MobileCoctailDB/Info.plist;
				LD_RUNPATH_SEARCH_PATHS = (
					"$(inherited)",
					"@executable_path/Frameworks",
				);
				PRODUCT_BUNDLE_IDENTIFIER = com.shapran.MobileCoctailDB;
				PRODUCT_NAME = "$(TARGET_NAME)";
				SWIFT_VERSION = 5.0;
				TARGETED_DEVICE_FAMILY = "1,2";
			};
			name = Release;
		};
/* End XCBuildConfiguration section */

/* Begin XCConfigurationList section */
		86D6701A2504CB6E00A229F7 /* Build configuration list for PBXProject "MobileCoctailDB" */ = {
			isa = XCConfigurationList;
			buildConfigurations = (
				86D6702F2504CB7100A229F7 /* Debug */,
				86D670302504CB7100A229F7 /* Release */,
			);
			defaultConfigurationIsVisible = 0;
			defaultConfigurationName = Release;
		};
		86D670312504CB7100A229F7 /* Build configuration list for PBXNativeTarget "MobileCoctailDB" */ = {
			isa = XCConfigurationList;
			buildConfigurations = (
				86D670322504CB7100A229F7 /* Debug */,
				86D670332504CB7100A229F7 /* Release */,
			);
			defaultConfigurationIsVisible = 0;
			defaultConfigurationName = Release;
		};
/* End XCConfigurationList section */
	};
	rootObject = 86D670172504CB6E00A229F7 /* Project object */;
}
